
Microsoft Visual Studio Solution File, Format Version 12.00
# Visual Studio Version 16
VisualStudioVersion = 16.0.31624.102
MinimumVisualStudioVersion = 10.0.40219.1
Project("{FAE04EC0-301F-11D3-BF4B-00C04F79EFBC}") = "Lab1", "Lab1\Lab1.csproj", "{2A99F4A0-AB43-48B1-88C9-F141B54DCE75}"
EndProject
Global
	GlobalSection(SolutionConfigurationPlatforms) = preSolution
		Debug|Any CPU = Debug|Any CPU
		Release|Any CPU = Release|Any CPU
	EndGlobalSection
	GlobalSection(ProjectConfigurationPlatforms) = postSolution
		{2A99F4A0-AB43-48B1-88C9-F141B54DCE75}.Debug|Any CPU.ActiveCfg = Debug|Any CPU
		{2A99F4A0-AB43-48B1-88C9-F141B54DCE75}.Debug|Any CPU.Build.0 = Debug|Any CPU
		{2A99F4A0-AB43-48B1-88C9-F141B54DCE75}.Release|Any CPU.ActiveCfg = Release|Any CPU
		{2A99F4A0-AB43-48B1-88C9-F141B54DCE75}.Release|Any CPU.Build.0 = Release|Any CPU
	EndGlobalSection
	GlobalSection(SolutionProperties) = preSolution
		HideSolutionNode = FALSE
	EndGlobalSection
	GlobalSection(ExtensibilityGlobals) = postSolution
		SolutionGuid = {171AC492-A9F1-4C84-A03C-549B6E295BD0}
	EndGlobalSection
EndGlobal
